// !$*UTF8*$!
{
	archiveVersion = 1;
	classes = {
	};
	objectVersion = 50;
	objects = {

/* Begin PBXBuildFile section */
		147AA0D424636CAD00A49D14 /* helpers.swift in Sources */ = {isa = PBXBuildFile; fileRef = 147AA0D324636CAD00A49D14 /* helpers.swift */; };
		14DDB9FB245CC1AD00479805 /* AppDelegate.swift in Sources */ = {isa = PBXBuildFile; fileRef = 14DDB9FA245CC1AD00479805 /* AppDelegate.swift */; };
		14DDB9FD245CC1AD00479805 /* SceneDelegate.swift in Sources */ = {isa = PBXBuildFile; fileRef = 14DDB9FC245CC1AD00479805 /* SceneDelegate.swift */; };
		14DDB9FF245CC1AD00479805 /* ViewController.swift in Sources */ = {isa = PBXBuildFile; fileRef = 14DDB9FE245CC1AD00479805 /* ViewController.swift */; };
		14DDBA02245CC1AD00479805 /* Main.storyboard in Resources */ = {isa = PBXBuildFile; fileRef = 14DDBA00245CC1AD00479805 /* Main.storyboard */; };
		14DDBA04245CC1AF00479805 /* Assets.xcassets in Resources */ = {isa = PBXBuildFile; fileRef = 14DDBA03245CC1AF00479805 /* Assets.xcassets */; };
		14DDBA07245CC1AF00479805 /* LaunchScreen.storyboard in Resources */ = {isa = PBXBuildFile; fileRef = 14DDBA05245CC1AF00479805 /* LaunchScreen.storyboard */; };
/* End PBXBuildFile section */

/* Begin PBXFileReference section */
		147AA0D324636CAD00A49D14 /* helpers.swift */ = {isa = PBXFileReference; lastKnownFileType = sourcecode.swift; path = helpers.swift; sourceTree = "<group>"; };
		14DDB9F7245CC1AD00479805 /* CSE562-tilt.app */ = {isa = PBXFileReference; explicitFileType = wrapper.application; includeInIndex = 0; path = "CSE562-tilt.app"; sourceTree = BUILT_PRODUCTS_DIR; };
		14DDB9FA245CC1AD00479805 /* AppDelegate.swift */ = {isa = PBXFileReference; lastKnownFileType = sourcecode.swift; path = AppDelegate.swift; sourceTree = "<group>"; };
		14DDB9FC245CC1AD00479805 /* SceneDelegate.swift */ = {isa = PBXFileReference; lastKnownFileType = sourcecode.swift; path = SceneDelegate.swift; sourceTree = "<group>"; };
		14DDB9FE245CC1AD00479805 /* ViewController.swift */ = {isa = PBXFileReference; lastKnownFileType = sourcecode.swift; path = ViewController.swift; sourceTree = "<group>"; };
		14DDBA01245CC1AD00479805 /* Base */ = {isa = PBXFileReference; lastKnownFileType = file.storyboard; name = Base; path = Base.lproj/Main.storyboard; sourceTree = "<group>"; };
		14DDBA03245CC1AF00479805 /* Assets.xcassets */ = {isa = PBXFileReference; lastKnownFileType = folder.assetcatalog; path = Assets.xcassets; sourceTree = "<group>"; };
		14DDBA06245CC1AF00479805 /* Base */ = {isa = PBXFileReference; lastKnownFileType = file.storyboard; name = Base; path = Base.lproj/LaunchScreen.storyboard; sourceTree = "<group>"; };
		14DDBA08245CC1AF00479805 /* Info.plist */ = {isa = PBXFileReference; lastKnownFileType = text.plist.xml; path = Info.plist; sourceTree = "<group>"; };
/* End PBXFileReference section */

/* Begin PBXFrameworksBuildPhase section */
		14DDB9F4245CC1AD00479805 /* Frameworks */ = {
			isa = PBXFrameworksBuildPhase;
			buildActionMask = 2147483647;
			files = (
			);
			runOnlyForDeploymentPostprocessing = 0;
		};
/* End PBXFrameworksBuildPhase section */

/* Begin PBXGroup section */
		14DDB9EE245CC1AD00479805 = {
			isa = PBXGroup;
			children = (
				14DDB9F9245CC1AD00479805 /* CSE562-tilt */,
				14DDB9F8245CC1AD00479805 /* Products */,
			);
			sourceTree = "<group>";
		};
		14DDB9F8245CC1AD00479805 /* Products */ = {
			isa = PBXGroup;
			children = (
				14DDB9F7245CC1AD00479805 /* CSE562-tilt.app */,
			);
			name = Products;
			sourceTree = "<group>";
		};
		14DDB9F9245CC1AD00479805 /* CSE562-tilt */ = {
			isa = PBXGroup;
			children = (
				14DDB9FA245CC1AD00479805 /* AppDelegate.swift */,
				14DDB9FC245CC1AD00479805 /* SceneDelegate.swift */,
				14DDB9FE245CC1AD00479805 /* ViewController.swift */,
				14DDBA00245CC1AD00479805 /* Main.storyboard */,
				14DDBA03245CC1AF00479805 /* Assets.xcassets */,
				14DDBA05245CC1AF00479805 /* LaunchScreen.storyboard */,
				14DDBA08245CC1AF00479805 /* Info.plist */,
				147AA0D324636CAD00A49D14 /* helpers.swift */,
			);
			path = "CSE562-tilt";
			sourceTree = "<group>";
		};
/* End PBXGroup section */

/* Begin PBXNativeTarget section */
		14DDB9F6245CC1AD00479805 /* CSE562-tilt */ = {
			isa = PBXNativeTarget;
			buildConfigurationList = 14DDBA0B245CC1AF00479805 /* Build configuration list for PBXNativeTarget "CSE562-tilt" */;
			buildPhases = (
				14DDB9F3245CC1AD00479805 /* Sources */,
				14DDB9F4245CC1AD00479805 /* Frameworks */,
				14DDB9F5245CC1AD00479805 /* Resources */,
			);
			buildRules = (
			);
			dependencies = (
			);
			name = "CSE562-tilt";
			productName = "CSE562-tilt";
			productReference = 14DDB9F7245CC1AD00479805 /* CSE562-tilt.app */;
			productType = "com.apple.product-type.application";
		};
/* End PBXNativeTarget section */

/* Begin PBXProject section */
		14DDB9EF245CC1AD00479805 /* Project object */ = {
			isa = PBXProject;
			attributes = {
				LastSwiftUpdateCheck = 1130;
				LastUpgradeCheck = 1130;
				ORGANIZATIONNAME = "Vivek Jayaram";
				TargetAttributes = {
					14DDB9F6245CC1AD00479805 = {
						CreatedOnToolsVersion = 11.3.1;
					};
				};
			};
			buildConfigurationList = 14DDB9F2245CC1AD00479805 /* Build configuration list for PBXProject "CSE562-tilt" */;
			compatibilityVersion = "Xcode 9.3";
			developmentRegion = en;
			hasScannedForEncodings = 0;
			knownRegions = (
				en,
				Base,
			);
			mainGroup = 14DDB9EE245CC1AD00479805;
			productRefGroup = 14DDB9F8245CC1AD00479805 /* Products */;
			projectDirPath = "";
			projectRoot = "";
			targets = (
				14DDB9F6245CC1AD00479805 /* CSE562-tilt */,
			);
		};
/* End PBXProject section */

/* Begin PBXResourcesBuildPhase section */
		14DDB9F5245CC1AD00479805 /* Resources */ = {
			isa = PBXResourcesBuildPhase;
			buildActionMask = 2147483647;
			files = (
				14DDBA07245CC1AF00479805 /* LaunchScreen.storyboard in Resources */,
				14DDBA04245CC1AF00479805 /* Assets.xcassets in Resources */,
				14DDBA02245CC1AD00479805 /* Main.storyboard in Resources */,
			);
			runOnlyForDeploymentPostprocessing = 0;
		};
/* End PBXResourcesBuildPhase section */

/* Begin PBXSourcesBuildPhase section */
		14DDB9F3245CC1AD00479805 /* Sources */ = {
			isa = PBXSourcesBuildPhase;
			buildActionMask = 2147483647;
			files = (
				14DDB9FF245CC1AD00479805 /* ViewController.swift in Sources */,
				14DDB9FB245CC1AD00479805 /* AppDelegate.swift in Sources */,
				14DDB9FD245CC1AD00479805 /* SceneDelegate.swift in Sources */,
				147AA0D424636CAD00A49D14 /* helpers.swift in Sources */,
			);
			runOnlyForDeploymentPostprocessing = 0;
		};
/* End PBXSourcesBuildPhase section */

/* Begin PBXVariantGroup section */
		14DDBA00245CC1AD00479805 /* Main.storyboard */ = {
			isa = PBXVariantGroup;
			children = (
				14DDBA01245CC1AD00479805 /* Base */,
			);
			name = Main.storyboard;
			sourceTree = "<group>";
		};
		14DDBA05245CC1AF00479805 /* LaunchScreen.storyboard */ = {
			isa = PBXVariantGroup;
			children = (
				14DDBA06245CC1AF00479805 /* Base */,
			);
			name = LaunchScreen.storyboard;
			sourceTree = "<group>";
		};
/* End PBXVariantGroup section */

/* Begin XCBuildConfiguration section */
		14DDBA09245CC1AF00479805 /* Debug */ = {
			isa = XCBuildConfiguration;
			buildSettings = {
				ALWAYS_SEARCH_USER_PATHS = NO;
				CLANG_ANALYZER_NONNULL = YES;
				CLANG_ANALYZER_NUMBER_OBJECT_CONVERSION = YES_AGGRESSIVE;
				CLANG_CXX_LANGUAGE_STANDARD = "gnu++14";
				CLANG_CXX_LIBRARY = "libc++";
				CLANG_ENABLE_MODULES = YES;
				CLANG_ENABLE_OBJC_ARC = YES;
				CLANG_ENABLE_OBJC_WEAK = YES;
				CLANG_WARN_BLOCK_CAPTURE_AUTORELEASING = YES;
				CLANG_WARN_BOOL_CONVERSION = YES;
				CLANG_WARN_COMMA = YES;
				CLANG_WARN_CONSTANT_CONVERSION = YES;
				CLANG_WARN_DEPRECATED_OBJC_IMPLEMENTATIONS = YES;
				CLANG_WARN_DIRECT_OBJC_ISA_USAGE = YES_ERROR;
				CLANG_WARN_DOCUMENTATION_COMMENTS = YES;
				CLANG_WARN_EMPTY_BODY = YES;
				CLANG_WARN_ENUM_CONVERSION = YES;
				CLANG_WARN_INFINITE_RECURSION = YES;
				CLANG_WARN_INT_CONVERSION = YES;
				CLANG_WARN_NON_LITERAL_NULL_CONVERSION = YES;
				CLANG_WARN_OBJC_IMPLICIT_RETAIN_SELF = YES;
				CLANG_WARN_OBJC_LITERAL_CONVERSION = YES;
				CLANG_WARN_OBJC_ROOT_CLASS = YES_ERROR;
				CLANG_WARN_RANGE_LOOP_ANALYSIS = YES;
				CLANG_WARN_STRICT_PROTOTYPES = YES;
				CLANG_WARN_SUSPICIOUS_MOVE = YES;
				CLANG_WARN_UNGUARDED_AVAILABILITY = YES_AGGRESSIVE;
				CLANG_WARN_UNREACHABLE_CODE = YES;
				CLANG_WARN__DUPLICATE_METHOD_MATCH = YES;
				COPY_PHASE_STRIP = NO;
				DEBUG_INFORMATION_FORMAT = dwarf;
				ENABLE_STRICT_OBJC_MSGSEND = YES;
				ENABLE_TESTABILITY = YES;
				GCC_C_LANGUAGE_STANDARD = gnu11;
				GCC_DYNAMIC_NO_PIC = NO;
				GCC_NO_COMMON_BLOCKS = YES;
				GCC_OPTIMIZATION_LEVEL = 0;
				GCC_PREPROCESSOR_DEFINITIONS = (
					"DEBUG=1",
					"$(inherited)",
				);
				GCC_WARN_64_TO_32_BIT_CONVERSION = YES;
				GCC_WARN_ABOUT_RETURN_TYPE = YES_ERROR;
				GCC_WARN_UNDECLARED_SELECTOR = YES;
				GCC_WARN_UNINITIALIZED_AUTOS = YES_AGGRESSIVE;
				GCC_WARN_UNUSED_FUNCTION = YES;
				GCC_WARN_UNUSED_VARIABLE = YES;
				IPHONEOS_DEPLOYMENT_TARGET = 13.2;
				MTL_ENABLE_DEBUG_INFO = INCLUDE_SOURCE;
				MTL_FAST_MATH = YES;
				ONLY_ACTIVE_ARCH = YES;
				SDKROOT = iphoneos;
				SWIFT_ACTIVE_COMPILATION_CONDITIONS = DEBUG;
				SWIFT_OPTIMIZATION_LEVEL = "-Onone";
			};
			name = Debug;
		};
		14DDBA0A245CC1AF00479805 /* Release */ = {
			isa = XCBuildConfiguration;
			buildSettings = {
				ALWAYS_SEARCH_USER_PATHS = NO;
				CLANG_ANALYZER_NONNULL = YES;
				CLANG_ANALYZER_NUMBER_OBJECT_CONVERSION = YES_AGGRESSIVE;
				CLANG_CXX_LANGUAGE_STANDARD = "gnu++14";
				CLANG_CXX_LIBRARY = "libc++";
				CLANG_ENABLE_MODULES = YES;
				CLANG_ENABLE_OBJC_ARC = YES;
				CLANG_ENABLE_OBJC_WEAK = YES;
				CLANG_WARN_BLOCK_CAPTURE_AUTORELEASING = YES;
				CLANG_WARN_BOOL_CONVERSION = YES;
				CLANG_WARN_COMMA = YES;
				CLANG_WARN_CONSTANT_CONVERSION = YES;
				CLANG_WARN_DEPRECATED_OBJC_IMPLEMENTATIONS = YES;
				CLANG_WARN_DIRECT_OBJC_ISA_USAGE = YES_ERROR;
				CLANG_WARN_DOCUMENTATION_COMMENTS = YES;
				CLANG_WARN_EMPTY_BODY = YES;
				CLANG_WARN_ENUM_CONVERSION = YES;
				CLANG_WARN_INFINITE_RECURSION = YES;
				CLANG_WARN_INT_CONVERSION = YES;
				CLANG_WARN_NON_LITERAL_NULL_CONVERSION = YES;
				CLANG_WARN_OBJC_IMPLICIT_RETAIN_SELF = YES;
				CLANG_WARN_OBJC_LITERAL_CONVERSION = YES;
				CLANG_WARN_OBJC_ROOT_CLASS = YES_ERROR;
				CLANG_WARN_RANGE_LOOP_ANALYSIS = YES;
				CLANG_WARN_STRICT_PROTOTYPES = YES;
				CLANG_WARN_SUSPICIOUS_MOVE = YES;
				CLANG_WARN_UNGUARDED_AVAILABILITY = YES_AGGRESSIVE;
				CLANG_WARN_UNREACHABLE_CODE = YES;
				CLANG_WARN__DUPLICATE_METHOD_MATCH = YES;
				COPY_PHASE_STRIP = NO;
				DEBUG_INFORMATION_FORMAT = "dwarf-with-dsym";
				ENABLE_NS_ASSERTIONS = NO;
				ENABLE_STRICT_OBJC_MSGSEND = YES;
				GCC_C_LANGUAGE_STANDARD = gnu11;
				GCC_NO_COMMON_BLOCKS = YES;
				GCC_WARN_64_TO_32_BIT_CONVERSION = YES;
				GCC_WARN_ABOUT_RETURN_TYPE = YES_ERROR;
				GCC_WARN_UNDECLARED_SELECTOR = YES;
				GCC_WARN_UNINITIALIZED_AUTOS = YES_AGGRESSIVE;
				GCC_WARN_UNUSED_FUNCTION = YES;
				GCC_WARN_UNUSED_VARIABLE = YES;
				IPHONEOS_DEPLOYMENT_TARGET = 13.2;
				MTL_ENABLE_DEBUG_INFO = NO;
				MTL_FAST_MATH = YES;
				SDKROOT = iphoneos;
				SWIFT_COMPILATION_MODE = wholemodule;
				SWIFT_OPTIMIZATION_LEVEL = "-O";
				VALIDATE_PRODUCT = YES;
			};
			name = Release;
		};
		14DDBA0C245CC1AF00479805 /* Debug */ = {
			isa = XCBuildConfiguration;
			buildSettings = {
				ASSETCATALOG_COMPILER_APPICON_NAME = AppIcon;
				CODE_SIGN_STYLE = Automatic;
				DEVELOPMENT_TEAM = XW328LC69P;
				INFOPLIST_FILE = "CSE562-tilt/Info.plist";
				IPHONEOS_DEPLOYMENT_TARGET = 13.1;
				LD_RUNPATH_SEARCH_PATHS = (
					"$(inherited)",
					"@executable_path/Frameworks",
				);
				PRODUCT_BUNDLE_IDENTIFIER = "vivekjayaram.CSE562-tilt";
				PRODUCT_NAME = "$(TARGET_NAME)";
				SWIFT_VERSION = 5.0;
				TARGETED_DEVICE_FAMILY = "1,2";
			};
			name = Debug;
		};
		14DDBA0D245CC1AF00479805 /* Release */ = {
			isa = XCBuildConfiguration;
			buildSettings = {
				ASSETCATALOG_COMPILER_APPICON_NAME = AppIcon;
				CODE_SIGN_STYLE = Automatic;
				DEVELOPMENT_TEAM = XW328LC69P;
				INFOPLIST_FILE = "CSE562-tilt/Info.plist";
				IPHONEOS_DEPLOYMENT_TARGET = 13.1;
				LD_RUNPATH_SEARCH_PATHS = (
					"$(inherited)",
					"@executable_path/Frameworks",
				);
				PRODUCT_BUNDLE_IDENTIFIER = "vivekjayaram.CSE562-tilt";
				PRODUCT_NAME = "$(TARGET_NAME)";
				SWIFT_VERSION = 5.0;
				TARGETED_DEVICE_FAMILY = "1,2";
			};
			name = Release;
		};
/* End XCBuildConfiguration section */

/* Begin XCConfigurationList section */
		14DDB9F2245CC1AD00479805 /* Build configuration list for PBXProject "CSE562-tilt" */ = {
			isa = XCConfigurationList;
			buildConfigurations = (
				14DDBA09245CC1AF00479805 /* Debug */,
				14DDBA0A245CC1AF00479805 /* Release */,
			);
			defaultConfigurationIsVisible = 0;
			defaultConfigurationName = Release;
		};
		14DDBA0B245CC1AF00479805 /* Build configuration list for PBXNativeTarget "CSE562-tilt" */ = {
			isa = XCConfigurationList;
			buildConfigurations = (
				14DDBA0C245CC1AF00479805 /* Debug */,
				14DDBA0D245CC1AF00479805 /* Release */,
			);
			defaultConfigurationIsVisible = 0;
			defaultConfigurationName = Release;
		};
/* End XCConfigurationList section */
	};
	rootObject = 14DDB9EF245CC1AD00479805 /* Project object */;
}
